
Microsoft Visual Studio Solution File, Format Version 12.00
# Visual Studio Version 17
VisualStudioVersion = 17.6.33815.320
MinimumVisualStudioVersion = 10.0.40219.1
Project("{FAE04EC0-301F-11D3-BF4B-00C04F79EFBC}") = "switchprogram", "switchprogram\switchprogram.csproj", "{445275E7-D81A-48D6-B90D-5CEE22599D6E}"
EndProject
Global
	GlobalSection(SolutionConfigurationPlatforms) = preSolution
		Debug|Any CPU = Debug|Any CPU
		Release|Any CPU = Release|Any CPU
	EndGlobalSection
	GlobalSection(ProjectConfigurationPlatforms) = postSolution
		{445275E7-D81A-48D6-B90D-5CEE22599D6E}.Debug|Any CPU.ActiveCfg = Debug|Any CPU
		{445275E7-D81A-48D6-B90D-5CEE22599D6E}.Debug|Any CPU.Build.0 = Debug|Any CPU
		{445275E7-D81A-48D6-B90D-5CEE22599D6E}.Release|Any CPU.ActiveCfg = Release|Any CPU
		{445275E7-D81A-48D6-B90D-5CEE22599D6E}.Release|Any CPU.Build.0 = Release|Any CPU
	EndGlobalSection
	GlobalSection(SolutionProperties) = preSolution
		HideSolutionNode = FALSE
	EndGlobalSection
	GlobalSection(ExtensibilityGlobals) = postSolution
		SolutionGuid = {0BB8E5EE-17C1-44B6-9513-AEFBD73467BD}
	EndGlobalSection
EndGlobal
